{
  "name": "vanilla-js-playwright",
  "version": "1.0.0",
  "lockfileVersion": 3,
  "requires": true,
  "packages": {
    "": {
      "name": "vanilla-js-playwright",
      "version": "1.0.0",
      "license": "ISC",
      "devDependencies": {
        "@evinced/js-playwright-sdk": "^2.23.1",
        "@playwright/test": "1.46.1",
        "@types/node": "^20.12.12"
      }
    },
    "node_modules/.pnpm/@playwright+test@1.44.0": {
      "extraneous": true
    },
    "node_modules/.pnpm/@types+node@20.12.12": {
      "dev": true
    },
    "node_modules/.pnpm/@types+node@20.12.12/node_modules/@types/node": {
      "version": "20.12.12",
      "dev": true,
      "license": "MIT",
      "dependencies": {
        "undici-types": "~5.26.4"
      }
    },
    "node_modules/.pnpm/@types+node@20.12.12/node_modules/undici-types": {
      "resolved": "node_modules/.pnpm/undici-types@5.26.5/node_modules/undici-types",
      "link": true
    },
    "node_modules/.pnpm/playwright-core@1.44.0/node_modules/playwright-core": {
      "version": "1.44.0",
      "extraneous": true,
      "license": "Apache-2.0",
      "bin": {
        "playwright-core": "cli.js"
      },
      "engines": {
        "node": ">=16"
      }
    },
    "node_modules/.pnpm/playwright@1.44.0": {
      "extraneous": true
    },
    "node_modules/.pnpm/undici-types@5.26.5/node_modules/undici-types": {
      "version": "5.26.5",
      "dev": true,
      "license": "MIT"
    },
    "node_modules/@evinced/js-playwright-sdk": {
      "version": "2.23.1",
      "resolved": "https://evinced.jfrog.io/artifactory/api/npm/restricted-npm/@evinced/js-playwright-sdk/-/@evinced/js-playwright-sdk-2.23.1.tgz",
      "integrity": "sha512-DYLGGVz+KtjdQm5gwUd5CQ1tRBvzi/CDMM6r6Eanhtj9Sak0COh2rGuMmGluBtemCWL6YkWlBSxv6lDvfNIimQ==",
      "dev": true
    },
    "node_modules/@playwright/test": {
      "version": "1.46.1",
      "resolved": "https://registry.npmjs.org/@playwright/test/-/test-1.46.1.tgz",
      "integrity": "sha512-Fq6SwLujA/DOIvNC2EL/SojJnkKf/rAwJ//APpJJHRyMi1PdKrY3Az+4XNQ51N4RTbItbIByQ0jgd1tayq1aeA==",
      "dev": true,
      "dependencies": {
        "playwright": "1.46.1"
      },
      "bin": {
        "playwright": "cli.js"
      },
      "engines": {
        "node": ">=18"
      }
    },
    "node_modules/@types/node": {
      "resolved": "node_modules/.pnpm/@types+node@20.12.12/node_modules/@types/node",
      "link": true
    },
    "node_modules/fsevents": {
      "version": "2.3.2",
      "resolved": "https://registry.npmjs.org/fsevents/-/fsevents-2.3.2.tgz",
      "integrity": "sha512-xiqMQR4xAeHTuB9uWm+fFRcIOgKBMiOBP+eXiyT7jsgVCq1bkVygt00oASowB7EdtpOHaaPgKt812P9ab+DDKA==",
      "dev": true,
      "hasInstallScript": true,
      "optional": true,
      "os": [
        "darwin"
      ],
      "engines": {
        "node": "^8.16.0 || ^10.6.0 || >=11.0.0"
      }
    },
    "node_modules/playwright": {
      "version": "1.46.1",
      "resolved": "https://registry.npmjs.org/playwright/-/playwright-1.46.1.tgz",
      "integrity": "sha512-oPcr1yqoXLCkgKtD5eNUPLiN40rYEM39odNpIb6VE6S7/15gJmA1NzVv6zJYusV0e7tzvkU/utBFNa/Kpxmwng==",
      "dev": true,
      "dependencies": {
        "playwright-core": "1.46.1"
      },
      "bin": {
        "playwright": "cli.js"
      },
      "engines": {
        "node": ">=18"
      },
      "optionalDependencies": {
        "fsevents": "2.3.2"
      }
    },
    "node_modules/playwright-core": {
      "version": "1.46.1",
      "resolved": "https://registry.npmjs.org/playwright-core/-/playwright-core-1.46.1.tgz",
      "integrity": "sha512-h9LqIQaAv+CYvWzsZ+h3RsrqCStkBHlgo6/TJlFst3cOTlLghBQlJwPOZKQJTKNaD3QIB7aAVQ+gfWbN3NXB7A==",
      "dev": true,
      "bin": {
        "playwright-core": "cli.js"
      },
      "engines": {
        "node": ">=18"
      }
    }
  }
}
